
Microsoft Visual Studio Solution File, Format Version 12.00
# Visual Studio Version 17
VisualStudioVersion = 17.5.33516.290
MinimumVisualStudioVersion = 10.0.40219.1
Project("{FAE04EC0-301F-11D3-BF4B-00C04F79EFBC}") = "Advent of code 1", "Advent of code 1\Advent of code 1.csproj", "{6D33891C-32A4-4D9B-B5BF-6DD650013C21}"
EndProject
Global
	GlobalSection(SolutionConfigurationPlatforms) = preSolution
		Debug|Any CPU = Debug|Any CPU
		Release|Any CPU = Release|Any CPU
	EndGlobalSection
	GlobalSection(ProjectConfigurationPlatforms) = postSolution
		{6D33891C-32A4-4D9B-B5BF-6DD650013C21}.Debug|Any CPU.ActiveCfg = Debug|Any CPU
		{6D33891C-32A4-4D9B-B5BF-6DD650013C21}.Debug|Any CPU.Build.0 = Debug|Any CPU
		{6D33891C-32A4-4D9B-B5BF-6DD650013C21}.Release|Any CPU.ActiveCfg = Release|Any CPU
		{6D33891C-32A4-4D9B-B5BF-6DD650013C21}.Release|Any CPU.Build.0 = Release|Any CPU
	EndGlobalSection
	GlobalSection(SolutionProperties) = preSolution
		HideSolutionNode = FALSE
	EndGlobalSection
	GlobalSection(ExtensibilityGlobals) = postSolution
		SolutionGuid = {53479EC2-E684-4A0C-BAE2-EF62228B4D64}
	EndGlobalSection
EndGlobal
